
Microsoft Visual Studio Solution File, Format Version 12.00
# Visual Studio 15
VisualStudioVersion = 15.0.27703.2042
MinimumVisualStudioVersion = 10.0.40219.1
Project("{8BC9CEB8-8B4A-11D0-8D11-00A0C91BC942}") = "Sandbox", "Sandbox\Sandbox.vcxproj", "{CA0FBFB8-B692-49B7-9F02-36C5E2197DBC}"
EndProject
Project("{8BC9CEB8-8B4A-11D0-8D11-00A0C91BC942}") = "Hazel", "Hazel\Hazel.vcxproj", "{9C3691DE-1D5C-4F65-9653-0E52C096F94B}"
EndProject
Global
	GlobalSection(SolutionConfigurationPlatforms) = preSolution
		Debug|x64 = Debug|x64
		Release|x64 = Release|x64
	EndGlobalSection
	GlobalSection(ProjectConfigurationPlatforms) = postSolution
		{9C3691DE-1D5C-4F65-9653-0E52C096F94B}.Debug|x64.ActiveCfg = Debug|x64
		{9C3691DE-1D5C-4F65-9653-0E52C096F94B}.Debug|x64.Build.0 = Debug|x64
		{9C3691DE-1D5C-4F65-9653-0E52C096F94B}.Release|x64.ActiveCfg = Release|x64
		{9C3691DE-1D5C-4F65-9653-0E52C096F94B}.Release|x64.Build.0 = Release|x64
		{CA0FBFB8-B692-49B7-9F02-36C5E2197DBC}.Debug|x64.ActiveCfg = Debug|x64
		{CA0FBFB8-B692-49B7-9F02-36C5E2197DBC}.Debug|x64.Build.0 = Debug|x64
		{CA0FBFB8-B692-49B7-9F02-36C5E2197DBC}.Release|x64.ActiveCfg = Release|x64
		{CA0FBFB8-B692-49B7-9F02-36C5E2197DBC}.Release|x64.Build.0 = Release|x64
	EndGlobalSection
	GlobalSection(SolutionProperties) = preSolution
		HideSolutionNode = FALSE
	EndGlobalSection
	GlobalSection(ExtensibilityGlobals) = postSolution
		SolutionGuid = {2BC9BA1B-A1AD-4D8F-BCC6-29A22E836583}
	EndGlobalSection
EndGlobal
